// !$*UTF8*$!
{
	archiveVersion = 1;
	classes = {
	};
	objectVersion = 56;
	objects = {

/* Begin PBXBuildFile section */
		0A1EA6632955D2B500CDA560 /* EnterNameViewController.swift in Sources */ = {isa = PBXBuildFile; fileRef = 0A1EA6612955D2B500CDA560 /* EnterNameViewController.swift */; };
		0A1EA6642955D2B500CDA560 /* EnterNameViewController.xib in Resources */ = {isa = PBXBuildFile; fileRef = 0A1EA6622955D2B500CDA560 /* EnterNameViewController.xib */; };
		0A3E6656295438E000F24558 /* SpinerView.swift in Sources */ = {isa = PBXBuildFile; fileRef = 0A3E6655295438E000F24558 /* SpinerView.swift */; };
		0A3E665A29543A5200F24558 /* LoaderViewController.swift in Sources */ = {isa = PBXBuildFile; fileRef = 0A3E665829543A5200F24558 /* LoaderViewController.swift */; };
		0A3E665B29543A5200F24558 /* LoaderViewController.xib in Resources */ = {isa = PBXBuildFile; fileRef = 0A3E665929543A5200F24558 /* LoaderViewController.xib */; };
		0A3F1D942988EA8300D326E0 /* fr_aim_at_your_drawing.wav in Resources */ = {isa = PBXBuildFile; fileRef = 0A3F1D932988EA8300D326E0 /* fr_aim_at_your_drawing.wav */; };
		0A3F1D9A2989384000D326E0 /* fr_drawing_not_detected.wav in Resources */ = {isa = PBXBuildFile; fileRef = 0A3F1D992989384000D326E0 /* fr_drawing_not_detected.wav */; };
		0A47C842295AE21A00ADF9C0 /* FileManager+Utils.swift in Sources */ = {isa = PBXBuildFile; fileRef = 0A47C841295AE21A00ADF9C0 /* FileManager+Utils.swift */; };
		0A47C846295AF90500ADF9C0 /* EpisodePlayerViewController.swift in Sources */ = {isa = PBXBuildFile; fileRef = 0A47C844295AF90500ADF9C0 /* EpisodePlayerViewController.swift */; };
		0A47C847295AF90500ADF9C0 /* EpisodePlayerViewController.xib in Resources */ = {isa = PBXBuildFile; fileRef = 0A47C845295AF90500ADF9C0 /* EpisodePlayerViewController.xib */; };
		0A51FB19295443690034A1D9 /* VideoGenModal.swift in Sources */ = {isa = PBXBuildFile; fileRef = 0A51FB18295443690034A1D9 /* VideoGenModal.swift */; };
		0A51FB1D295445130034A1D9 /* VideoOverviewViewController.swift in Sources */ = {isa = PBXBuildFile; fileRef = 0A51FB1B295445130034A1D9 /* VideoOverviewViewController.swift */; };
		0A51FB1E295445130034A1D9 /* VideoOverviewViewController.xib in Resources */ = {isa = PBXBuildFile; fileRef = 0A51FB1C295445130034A1D9 /* VideoOverviewViewController.xib */; };
		0A61988D294B60C900EE0541 /* ErrorModel.swift in Sources */ = {isa = PBXBuildFile; fileRef = 0A619889294B60C900EE0541 /* ErrorModel.swift */; };
		0A69E5032971314800342112 /* VideoCacheModel.swift in Sources */ = {isa = PBXBuildFile; fileRef = 0A69E5022971314800342112 /* VideoCacheModel.swift */; };
		0A69E5052971328600342112 /* UserDefaults+Utils.swift in Sources */ = {isa = PBXBuildFile; fileRef = 0A69E5042971328600342112 /* UserDefaults+Utils.swift */; };
		0A6AE9CF297AA246002778C1 /* EpisodeDrawnModel.swift in Sources */ = {isa = PBXBuildFile; fileRef = 0A6AE9CE297AA246002778C1 /* EpisodeDrawnModel.swift */; };
		0A6BFE9F299DE84F00EAA13C /* ArtworkModel.swift in Sources */ = {isa = PBXBuildFile; fileRef = 0A6BFE9E299DE84F00EAA13C /* ArtworkModel.swift */; };
		0A7022F42959C07400038A70 /* AssetStore.swift in Sources */ = {isa = PBXBuildFile; fileRef = 0A7022F22959C07400038A70 /* AssetStore.swift */; };
		0A7138EA295317ED001F95E0 /* ExtractionOKViewController.swift in Sources */ = {isa = PBXBuildFile; fileRef = 0A7138E8295317ED001F95E0 /* ExtractionOKViewController.swift */; };
		0A7138EB295317ED001F95E0 /* ExtractionOKViewController.xib in Resources */ = {isa = PBXBuildFile; fileRef = 0A7138E9295317ED001F95E0 /* ExtractionOKViewController.xib */; };
		0A7138ED29532699001F95E0 /* ExtractImageValidateModal.swift in Sources */ = {isa = PBXBuildFile; fileRef = 0A7138EC29532699001F95E0 /* ExtractImageValidateModal.swift */; };
		0A760C39296E8AEA007B31BC /* BaseViewController.swift in Sources */ = {isa = PBXBuildFile; fileRef = 0A760C38296E8AEA007B31BC /* BaseViewController.swift */; };
		0A805F262946F57A006B92B8 /* Localizable.strings in Resources */ = {isa = PBXBuildFile; fileRef = 0A805F282946F57A006B92B8 /* Localizable.strings */; };
		0A94AF172950744300A9AA2A /* UIImageView+Utils.swift in Sources */ = {isa = PBXBuildFile; fileRef = 0A94AF162950744300A9AA2A /* UIImageView+Utils.swift */; };
		0A94AF192950746600A9AA2A /* UIView+Utils.swift in Sources */ = {isa = PBXBuildFile; fileRef = 0A94AF182950746600A9AA2A /* UIView+Utils.swift */; };
		0A94AF1B2950748900A9AA2A /* UIViewController+Utils.swift in Sources */ = {isa = PBXBuildFile; fileRef = 0A94AF1A2950748900A9AA2A /* UIViewController+Utils.swift */; };
		0A94AF1D295074B900A9AA2A /* String+Utils.swift in Sources */ = {isa = PBXBuildFile; fileRef = 0A94AF1C295074B900A9AA2A /* String+Utils.swift */; };
		0A94AF23295078C300A9AA2A /* Common.swift in Sources */ = {isa = PBXBuildFile; fileRef = 0A94AF22295078C300A9AA2A /* Common.swift */; };
		0A94AF2F295084FC00A9AA2A /* CameraPermissionViewController.swift in Sources */ = {isa = PBXBuildFile; fileRef = 0A94AF2D295084FC00A9AA2A /* CameraPermissionViewController.swift */; };
		0A94AF30295084FC00A9AA2A /* CameraPermissionViewController.xib in Resources */ = {isa = PBXBuildFile; fileRef = 0A94AF2E295084FC00A9AA2A /* CameraPermissionViewController.xib */; };
		0A94AF372950890C00A9AA2A /* CameraViewController.swift in Sources */ = {isa = PBXBuildFile; fileRef = 0A94AF352950890C00A9AA2A /* CameraViewController.swift */; };
		0A94AF382950890C00A9AA2A /* CameraViewController.xib in Resources */ = {isa = PBXBuildFile; fileRef = 0A94AF362950890C00A9AA2A /* CameraViewController.xib */; };
		0A94AF3C29508AE400A9AA2A /* UIButton+Utils.swift in Sources */ = {isa = PBXBuildFile; fileRef = 0A94AF3B29508AE400A9AA2A /* UIButton+Utils.swift */; };
		0A94AF3E29508D2800A9AA2A /* UINavigationController+Utils.swift in Sources */ = {isa = PBXBuildFile; fileRef = 0A94AF3D29508D2800A9AA2A /* UINavigationController+Utils.swift */; };
		0A9565C229530B3900E2ED31 /* ExtractImageModel.swift in Sources */ = {isa = PBXBuildFile; fileRef = 0A9565C129530B3900E2ED31 /* ExtractImageModel.swift */; };
		0AA3FB2A29431A3D00B97C43 /* wakatoonSDK.h in Headers */ = {isa = PBXBuildFile; fileRef = 0AA3FB2929431A3D00B97C43 /* wakatoonSDK.h */; settings = {ATTRIBUTES = (Public, ); }; };
		0AA3FB3D29431A6700B97C43 /* Common Extentions.swift in Sources */ = {isa = PBXBuildFile; fileRef = 0AA3FB3129431A6700B97C43 /* Common Extentions.swift */; };
		0AA3FB4629431AEE00B97C43 /* UIKit.framework in Frameworks */ = {isa = PBXBuildFile; fileRef = 0AA3FB4529431AEE00B97C43 /* UIKit.framework */; };
		0AA3FB4829431DCF00B97C43 /* CreateSDKHelper.swift in Sources */ = {isa = PBXBuildFile; fileRef = 0AA3FB4729431DCF00B97C43 /* CreateSDKHelper.swift */; };
		0AA3FB80294325C900B97C43 /* WakatoonManager.swift in Sources */ = {isa = PBXBuildFile; fileRef = 0AA3FB7F294325C900B97C43 /* WakatoonManager.swift */; };
		0AC106AC2951D3BD006F161E /* ErrorPopupViewController.swift in Sources */ = {isa = PBXBuildFile; fileRef = 0AC106AA2951D3BD006F161E /* ErrorPopupViewController.swift */; };
		0AC106AD2951D3BD006F161E /* ErrorPopupViewController.xib in Resources */ = {isa = PBXBuildFile; fileRef = 0AC106AB2951D3BD006F161E /* ErrorPopupViewController.xib */; };
		0AC106CC2951D6F7006F161E /* Comfortaa-Light.ttf in Resources */ = {isa = PBXBuildFile; fileRef = 0AC106C72951D6F7006F161E /* Comfortaa-Light.ttf */; };
		0AC106CD2951D6F7006F161E /* Comfortaa-Regular.ttf in Resources */ = {isa = PBXBuildFile; fileRef = 0AC106C82951D6F7006F161E /* Comfortaa-Regular.ttf */; };
		0AC106CE2951D6F7006F161E /* Comfortaa-SemiBold.ttf in Resources */ = {isa = PBXBuildFile; fileRef = 0AC106C92951D6F7006F161E /* Comfortaa-SemiBold.ttf */; };
		0AC106CF2951D6F7006F161E /* Comfortaa-Bold.ttf in Resources */ = {isa = PBXBuildFile; fileRef = 0AC106CA2951D6F7006F161E /* Comfortaa-Bold.ttf */; };
		0AC106D02951D6F7006F161E /* Comfortaa-Medium.ttf in Resources */ = {isa = PBXBuildFile; fileRef = 0AC106CB2951D6F7006F161E /* Comfortaa-Medium.ttf */; };
		0AC106D22951D75F006F161E /* UIFont+Utils.swift in Sources */ = {isa = PBXBuildFile; fileRef = 0AC106D12951D75F006F161E /* UIFont+Utils.swift */; };
		0AC106D42951D977006F161E /* WakatoonSDKData.swift in Sources */ = {isa = PBXBuildFile; fileRef = 0AC106D32951D977006F161E /* WakatoonSDKData.swift */; };
		0AC106DA2951E649006F161E /* LoadingViewController.swift in Sources */ = {isa = PBXBuildFile; fileRef = 0AC106D82951E649006F161E /* LoadingViewController.swift */; };
		0AC106DB2951E649006F161E /* LoadingViewController.xib in Resources */ = {isa = PBXBuildFile; fileRef = 0AC106D92951E649006F161E /* LoadingViewController.xib */; };
		0AD36A03294AF5B700CA251F /* eulaSDKPopUPViewController.swift in Sources */ = {isa = PBXBuildFile; fileRef = 0AD36A01294AF5B700CA251F /* eulaSDKPopUPViewController.swift */; };
		0AD36A04294AF5B700CA251F /* eulaSDKPopUPViewController.xib in Resources */ = {isa = PBXBuildFile; fileRef = 0AD36A02294AF5B700CA251F /* eulaSDKPopUPViewController.xib */; };
		0AD36A0B294B084B00CA251F /* APIManager.swift in Sources */ = {isa = PBXBuildFile; fileRef = 0AD36A0A294B084B00CA251F /* APIManager.swift */; };
		0AE1ABBD2962A1AB005E218F /* ReplayAndShareViewController.swift in Sources */ = {isa = PBXBuildFile; fileRef = 0AE1ABBB2962A1AB005E218F /* ReplayAndShareViewController.swift */; };
		0AE1ABBE2962A1AB005E218F /* ReplayAndShareViewController.xib in Resources */ = {isa = PBXBuildFile; fileRef = 0AE1ABBC2962A1AB005E218F /* ReplayAndShareViewController.xib */; };
		0AF1C6F129702C8000E2EEC4 /* VideoPlayerViewController.swift in Sources */ = {isa = PBXBuildFile; fileRef = 0AF1C6EF29702C8000E2EEC4 /* VideoPlayerViewController.swift */; };
		0AF1C6F229702C8000E2EEC4 /* VideoPlayerViewController.xib in Resources */ = {isa = PBXBuildFile; fileRef = 0AF1C6F029702C8000E2EEC4 /* VideoPlayerViewController.xib */; };
		0AF1CA0629750B8700EC8E48 /* DownloadManager.swift in Sources */ = {isa = PBXBuildFile; fileRef = 0AF1CA0529750B8700EC8E48 /* DownloadManager.swift */; };
		0AF38B132990DD8300EACB60 /* Assests.xcassets in Resources */ = {isa = PBXBuildFile; fileRef = 0AF38B122990DD8300EACB60 /* Assests.xcassets */; };
/* End PBXBuildFile section */

/* Begin PBXFileReference section */
		0A1EA6612955D2B500CDA560 /* EnterNameViewController.swift */ = {isa = PBXFileReference; lastKnownFileType = sourcecode.swift; path = EnterNameViewController.swift; sourceTree = "<group>"; };
		0A1EA6622955D2B500CDA560 /* EnterNameViewController.xib */ = {isa = PBXFileReference; lastKnownFileType = file.xib; path = EnterNameViewController.xib; sourceTree = "<group>"; };
		0A3E6655295438E000F24558 /* SpinerView.swift */ = {isa = PBXFileReference; lastKnownFileType = sourcecode.swift; path = SpinerView.swift; sourceTree = "<group>"; };
		0A3E665829543A5200F24558 /* LoaderViewController.swift */ = {isa = PBXFileReference; lastKnownFileType = sourcecode.swift; path = LoaderViewController.swift; sourceTree = "<group>"; };
		0A3E665929543A5200F24558 /* LoaderViewController.xib */ = {isa = PBXFileReference; lastKnownFileType = file.xib; path = LoaderViewController.xib; sourceTree = "<group>"; };
		0A3F1D932988EA8300D326E0 /* fr_aim_at_your_drawing.wav */ = {isa = PBXFileReference; lastKnownFileType = audio.wav; path = fr_aim_at_your_drawing.wav; sourceTree = "<group>"; };
		0A3F1D992989384000D326E0 /* fr_drawing_not_detected.wav */ = {isa = PBXFileReference; lastKnownFileType = audio.wav; path = fr_drawing_not_detected.wav; sourceTree = "<group>"; };
		0A47C841295AE21A00ADF9C0 /* FileManager+Utils.swift */ = {isa = PBXFileReference; lastKnownFileType = sourcecode.swift; path = "FileManager+Utils.swift"; sourceTree = "<group>"; };
		0A47C844295AF90500ADF9C0 /* EpisodePlayerViewController.swift */ = {isa = PBXFileReference; lastKnownFileType = sourcecode.swift; path = EpisodePlayerViewController.swift; sourceTree = "<group>"; };
		0A47C845295AF90500ADF9C0 /* EpisodePlayerViewController.xib */ = {isa = PBXFileReference; lastKnownFileType = file.xib; path = EpisodePlayerViewController.xib; sourceTree = "<group>"; };
		0A51FB18295443690034A1D9 /* VideoGenModal.swift */ = {isa = PBXFileReference; lastKnownFileType = sourcecode.swift; path = VideoGenModal.swift; sourceTree = "<group>"; };
		0A51FB1B295445130034A1D9 /* VideoOverviewViewController.swift */ = {isa = PBXFileReference; lastKnownFileType = sourcecode.swift; path = VideoOverviewViewController.swift; sourceTree = "<group>"; };
		0A51FB1C295445130034A1D9 /* VideoOverviewViewController.xib */ = {isa = PBXFileReference; lastKnownFileType = file.xib; path = VideoOverviewViewController.xib; sourceTree = "<group>"; };
		0A619889294B60C900EE0541 /* ErrorModel.swift */ = {isa = PBXFileReference; fileEncoding = 4; lastKnownFileType = sourcecode.swift; path = ErrorModel.swift; sourceTree = "<group>"; };
		0A69E5022971314800342112 /* VideoCacheModel.swift */ = {isa = PBXFileReference; lastKnownFileType = sourcecode.swift; path = VideoCacheModel.swift; sourceTree = "<group>"; };
		0A69E5042971328600342112 /* UserDefaults+Utils.swift */ = {isa = PBXFileReference; lastKnownFileType = sourcecode.swift; path = "UserDefaults+Utils.swift"; sourceTree = "<group>"; };
		0A6AE9CE297AA246002778C1 /* EpisodeDrawnModel.swift */ = {isa = PBXFileReference; lastKnownFileType = sourcecode.swift; path = EpisodeDrawnModel.swift; sourceTree = "<group>"; };
		0A6BFE9E299DE84F00EAA13C /* ArtworkModel.swift */ = {isa = PBXFileReference; lastKnownFileType = sourcecode.swift; path = ArtworkModel.swift; sourceTree = "<group>"; };
		0A7022F22959C07400038A70 /* AssetStore.swift */ = {isa = PBXFileReference; fileEncoding = 4; lastKnownFileType = sourcecode.swift; path = AssetStore.swift; sourceTree = "<group>"; };
		0A7138E8295317ED001F95E0 /* ExtractionOKViewController.swift */ = {isa = PBXFileReference; lastKnownFileType = sourcecode.swift; path = ExtractionOKViewController.swift; sourceTree = "<group>"; };
		0A7138E9295317ED001F95E0 /* ExtractionOKViewController.xib */ = {isa = PBXFileReference; lastKnownFileType = file.xib; path = ExtractionOKViewController.xib; sourceTree = "<group>"; };
		0A7138EC29532699001F95E0 /* ExtractImageValidateModal.swift */ = {isa = PBXFileReference; lastKnownFileType = sourcecode.swift; path = ExtractImageValidateModal.swift; sourceTree = "<group>"; };
		0A760C38296E8AEA007B31BC /* BaseViewController.swift */ = {isa = PBXFileReference; lastKnownFileType = sourcecode.swift; path = BaseViewController.swift; sourceTree = "<group>"; };
		0A805F272946F57A006B92B8 /* en */ = {isa = PBXFileReference; lastKnownFileType = text.plist.strings; name = en; path = en.lproj/Localizable.strings; sourceTree = "<group>"; };
		0A94AF162950744300A9AA2A /* UIImageView+Utils.swift */ = {isa = PBXFileReference; lastKnownFileType = sourcecode.swift; path = "UIImageView+Utils.swift"; sourceTree = "<group>"; };
		0A94AF182950746600A9AA2A /* UIView+Utils.swift */ = {isa = PBXFileReference; lastKnownFileType = sourcecode.swift; path = "UIView+Utils.swift"; sourceTree = "<group>"; };
		0A94AF1A2950748900A9AA2A /* UIViewController+Utils.swift */ = {isa = PBXFileReference; lastKnownFileType = sourcecode.swift; path = "UIViewController+Utils.swift"; sourceTree = "<group>"; };
		0A94AF1C295074B900A9AA2A /* String+Utils.swift */ = {isa = PBXFileReference; lastKnownFileType = sourcecode.swift; path = "String+Utils.swift"; sourceTree = "<group>"; };
		0A94AF22295078C300A9AA2A /* Common.swift */ = {isa = PBXFileReference; lastKnownFileType = sourcecode.swift; path = Common.swift; sourceTree = "<group>"; };
		0A94AF2D295084FC00A9AA2A /* CameraPermissionViewController.swift */ = {isa = PBXFileReference; lastKnownFileType = sourcecode.swift; path = CameraPermissionViewController.swift; sourceTree = "<group>"; };
		0A94AF2E295084FC00A9AA2A /* CameraPermissionViewController.xib */ = {isa = PBXFileReference; lastKnownFileType = file.xib; path = CameraPermissionViewController.xib; sourceTree = "<group>"; };
		0A94AF352950890C00A9AA2A /* CameraViewController.swift */ = {isa = PBXFileReference; lastKnownFileType = sourcecode.swift; path = CameraViewController.swift; sourceTree = "<group>"; };
		0A94AF362950890C00A9AA2A /* CameraViewController.xib */ = {isa = PBXFileReference; lastKnownFileType = file.xib; path = CameraViewController.xib; sourceTree = "<group>"; };
		0A94AF3B29508AE400A9AA2A /* UIButton+Utils.swift */ = {isa = PBXFileReference; lastKnownFileType = sourcecode.swift; path = "UIButton+Utils.swift"; sourceTree = "<group>"; };
		0A94AF3D29508D2800A9AA2A /* UINavigationController+Utils.swift */ = {isa = PBXFileReference; lastKnownFileType = sourcecode.swift; path = "UINavigationController+Utils.swift"; sourceTree = "<group>"; };
		0A9565C129530B3900E2ED31 /* ExtractImageModel.swift */ = {isa = PBXFileReference; lastKnownFileType = sourcecode.swift; path = ExtractImageModel.swift; sourceTree = "<group>"; };
		0A997D282980011F0051B2B5 /* Info.plist */ = {isa = PBXFileReference; lastKnownFileType = text.plist; path = Info.plist; sourceTree = "<group>"; };
		0AA3FB2629431A3D00B97C43 /* WakatoonSDK.framework */ = {isa = PBXFileReference; explicitFileType = wrapper.framework; includeInIndex = 0; path = WakatoonSDK.framework; sourceTree = BUILT_PRODUCTS_DIR; };
		0AA3FB2929431A3D00B97C43 /* wakatoonSDK.h */ = {isa = PBXFileReference; lastKnownFileType = sourcecode.c.h; path = wakatoonSDK.h; sourceTree = "<group>"; };
		0AA3FB3129431A6700B97C43 /* Common Extentions.swift */ = {isa = PBXFileReference; fileEncoding = 4; lastKnownFileType = sourcecode.swift; path = "Common Extentions.swift"; sourceTree = "<group>"; };
		0AA3FB4529431AEE00B97C43 /* UIKit.framework */ = {isa = PBXFileReference; lastKnownFileType = wrapper.framework; name = UIKit.framework; path = System/Library/Frameworks/UIKit.framework; sourceTree = SDKROOT; };
		0AA3FB4729431DCF00B97C43 /* CreateSDKHelper.swift */ = {isa = PBXFileReference; lastKnownFileType = sourcecode.swift; path = CreateSDKHelper.swift; sourceTree = "<group>"; };
		0AA3FB7F294325C900B97C43 /* WakatoonManager.swift */ = {isa = PBXFileReference; lastKnownFileType = sourcecode.swift; path = WakatoonManager.swift; sourceTree = "<group>"; };
		0AC106AA2951D3BD006F161E /* ErrorPopupViewController.swift */ = {isa = PBXFileReference; lastKnownFileType = sourcecode.swift; path = ErrorPopupViewController.swift; sourceTree = "<group>"; };
		0AC106AB2951D3BD006F161E /* ErrorPopupViewController.xib */ = {isa = PBXFileReference; lastKnownFileType = file.xib; path = ErrorPopupViewController.xib; sourceTree = "<group>"; };
		0AC106C72951D6F7006F161E /* Comfortaa-Light.ttf */ = {isa = PBXFileReference; lastKnownFileType = file; path = "Comfortaa-Light.ttf"; sourceTree = "<group>"; };
		0AC106C82951D6F7006F161E /* Comfortaa-Regular.ttf */ = {isa = PBXFileReference; lastKnownFileType = file; path = "Comfortaa-Regular.ttf"; sourceTree = "<group>"; };
		0AC106C92951D6F7006F161E /* Comfortaa-SemiBold.ttf */ = {isa = PBXFileReference; lastKnownFileType = file; path = "Comfortaa-SemiBold.ttf"; sourceTree = "<group>"; };
		0AC106CA2951D6F7006F161E /* Comfortaa-Bold.ttf */ = {isa = PBXFileReference; lastKnownFileType = file; path = "Comfortaa-Bold.ttf"; sourceTree = "<group>"; };
		0AC106CB2951D6F7006F161E /* Comfortaa-Medium.ttf */ = {isa = PBXFileReference; lastKnownFileType = file; path = "Comfortaa-Medium.ttf"; sourceTree = "<group>"; };
		0AC106D12951D75F006F161E /* UIFont+Utils.swift */ = {isa = PBXFileReference; lastKnownFileType = sourcecode.swift; path = "UIFont+Utils.swift"; sourceTree = "<group>"; };
		0AC106D32951D977006F161E /* WakatoonSDKData.swift */ = {isa = PBXFileReference; lastKnownFileType = sourcecode.swift; path = WakatoonSDKData.swift; sourceTree = "<group>"; };
		0AC106D82951E649006F161E /* LoadingViewController.swift */ = {isa = PBXFileReference; lastKnownFileType = sourcecode.swift; path = LoadingViewController.swift; sourceTree = "<group>"; };
		0AC106D92951E649006F161E /* LoadingViewController.xib */ = {isa = PBXFileReference; lastKnownFileType = file.xib; path = LoadingViewController.xib; sourceTree = "<group>"; };
		0AD36A01294AF5B700CA251F /* eulaSDKPopUPViewController.swift */ = {isa = PBXFileReference; lastKnownFileType = sourcecode.swift; path = eulaSDKPopUPViewController.swift; sourceTree = "<group>"; };
		0AD36A02294AF5B700CA251F /* eulaSDKPopUPViewController.xib */ = {isa = PBXFileReference; lastKnownFileType = file.xib; path = eulaSDKPopUPViewController.xib; sourceTree = "<group>"; };
		0AD36A0A294B084B00CA251F /* APIManager.swift */ = {isa = PBXFileReference; lastKnownFileType = sourcecode.swift; path = APIManager.swift; sourceTree = "<group>"; };
		0AE1ABBB2962A1AB005E218F /* ReplayAndShareViewController.swift */ = {isa = PBXFileReference; lastKnownFileType = sourcecode.swift; path = ReplayAndShareViewController.swift; sourceTree = "<group>"; };
		0AE1ABBC2962A1AB005E218F /* ReplayAndShareViewController.xib */ = {isa = PBXFileReference; lastKnownFileType = file.xib; path = ReplayAndShareViewController.xib; sourceTree = "<group>"; };
		0AE6BC1A29801B8C00D1999B /* fr */ = {isa = PBXFileReference; lastKnownFileType = text.plist.strings; name = fr; path = fr.lproj/Localizable.strings; sourceTree = "<group>"; };
		0AF1C6EF29702C8000E2EEC4 /* VideoPlayerViewController.swift */ = {isa = PBXFileReference; lastKnownFileType = sourcecode.swift; path = VideoPlayerViewController.swift; sourceTree = "<group>"; };
		0AF1C6F029702C8000E2EEC4 /* VideoPlayerViewController.xib */ = {isa = PBXFileReference; lastKnownFileType = file.xib; path = VideoPlayerViewController.xib; sourceTree = "<group>"; };
		0AF1CA0529750B8700EC8E48 /* DownloadManager.swift */ = {isa = PBXFileReference; lastKnownFileType = sourcecode.swift; path = DownloadManager.swift; sourceTree = "<group>"; };
		0AF38B122990DD8300EACB60 /* Assests.xcassets */ = {isa = PBXFileReference; lastKnownFileType = folder.assetcatalog; path = Assests.xcassets; sourceTree = "<group>"; };
/* End PBXFileReference section */

/* Begin PBXFrameworksBuildPhase section */
		0AA3FB2329431A3D00B97C43 /* Frameworks */ = {
			isa = PBXFrameworksBuildPhase;
			buildActionMask = 2147483647;
			files = (
				0AA3FB4629431AEE00B97C43 /* UIKit.framework in Frameworks */,
			);
			runOnlyForDeploymentPostprocessing = 0;
		};
/* End PBXFrameworksBuildPhase section */

/* Begin PBXGroup section */
		0A1EA6602955D28B00CDA560 /* EnterName */ = {
			isa = PBXGroup;
			children = (
				0A1EA6612955D2B500CDA560 /* EnterNameViewController.swift */,
				0A1EA6622955D2B500CDA560 /* EnterNameViewController.xib */,
			);
			path = EnterName;
			sourceTree = "<group>";
		};
		0A3E665729543A4000F24558 /* Loader */ = {
			isa = PBXGroup;
			children = (
				0A3E665829543A5200F24558 /* LoaderViewController.swift */,
				0A3E665929543A5200F24558 /* LoaderViewController.xib */,
			);
			path = Loader;
			sourceTree = "<group>";
		};
		0A3F1D902988E9C000D326E0 /* Audio */ = {
			isa = PBXGroup;
			children = (
				0A3F1D992989384000D326E0 /* fr_drawing_not_detected.wav */,
				0A3F1D932988EA8300D326E0 /* fr_aim_at_your_drawing.wav */,
			);
			path = Audio;
			sourceTree = "<group>";
		};
		0A47C843295AF8EB00ADF9C0 /* EpisodePlayer */ = {
			isa = PBXGroup;
			children = (
				0A47C844295AF90500ADF9C0 /* EpisodePlayerViewController.swift */,
				0A47C845295AF90500ADF9C0 /* EpisodePlayerViewController.xib */,
			);
			path = EpisodePlayer;
			sourceTree = "<group>";
		};
		0A51FB1A295444FE0034A1D9 /* VideoOverview */ = {
			isa = PBXGroup;
			children = (
				0A51FB1B295445130034A1D9 /* VideoOverviewViewController.swift */,
				0A51FB1C295445130034A1D9 /* VideoOverviewViewController.xib */,
			);
			path = VideoOverview;
			sourceTree = "<group>";
		};
		0A619885294B60C900EE0541 /* Models */ = {
			isa = PBXGroup;
			children = (
				0A619889294B60C900EE0541 /* ErrorModel.swift */,
				0A9565C129530B3900E2ED31 /* ExtractImageModel.swift */,
				0A7138EC29532699001F95E0 /* ExtractImageValidateModal.swift */,
				0A51FB18295443690034A1D9 /* VideoGenModal.swift */,
				0A69E5022971314800342112 /* VideoCacheModel.swift */,
				0A6AE9CE297AA246002778C1 /* EpisodeDrawnModel.swift */,
				0A6BFE9E299DE84F00EAA13C /* ArtworkModel.swift */,
			);
			path = Models;
			sourceTree = "<group>";
		};
		0A7022F52959CABA00038A70 /* EpisodeDownloadHelper */ = {
			isa = PBXGroup;
			children = (
				0A7022F22959C07400038A70 /* AssetStore.swift */,
				0AF1CA0529750B8700EC8E48 /* DownloadManager.swift */,
			);
			path = EpisodeDownloadHelper;
			sourceTree = "<group>";
		};
		0A7138E7295317DA001F95E0 /* ExtractionOK */ = {
			isa = PBXGroup;
			children = (
				0A7138E8295317ED001F95E0 /* ExtractionOKViewController.swift */,
				0A7138E9295317ED001F95E0 /* ExtractionOKViewController.xib */,
			);
			path = ExtractionOK;
			sourceTree = "<group>";
		};
		0A94AF21295078A400A9AA2A /* Helpers */ = {
			isa = PBXGroup;
			children = (
				0A7022F52959CABA00038A70 /* EpisodeDownloadHelper */,
				0A94AF22295078C300A9AA2A /* Common.swift */,
				0A3E6655295438E000F24558 /* SpinerView.swift */,
			);
			path = Helpers;
			sourceTree = "<group>";
		};
		0A94AF2C295084ED00A9AA2A /* CameraPermission */ = {
			isa = PBXGroup;
			children = (
				0A94AF2D295084FC00A9AA2A /* CameraPermissionViewController.swift */,
				0A94AF2E295084FC00A9AA2A /* CameraPermissionViewController.xib */,
			);
			path = CameraPermission;
			sourceTree = "<group>";
		};
		0A94AF34295088F900A9AA2A /* Camera */ = {
			isa = PBXGroup;
			children = (
				0A94AF352950890C00A9AA2A /* CameraViewController.swift */,
				0A94AF362950890C00A9AA2A /* CameraViewController.xib */,
			);
			path = Camera;
			sourceTree = "<group>";
		};
		0AA3FB1C29431A3D00B97C43 = {
			isa = PBXGroup;
			children = (
				0AA3FB2829431A3D00B97C43 /* WakatoonSDK */,
				0AA3FB2729431A3D00B97C43 /* Products */,
				0AA3FB4429431AEE00B97C43 /* Frameworks */,
			);
			sourceTree = "<group>";
		};
		0AA3FB2729431A3D00B97C43 /* Products */ = {
			isa = PBXGroup;
			children = (
				0AA3FB2629431A3D00B97C43 /* WakatoonSDK.framework */,
			);
			name = Products;
			sourceTree = "<group>";
		};
		0AA3FB2829431A3D00B97C43 /* WakatoonSDK */ = {
			isa = PBXGroup;
			children = (
				0A997D282980011F0051B2B5 /* Info.plist */,
				0AA3FB2929431A3D00B97C43 /* wakatoonSDK.h */,
				0AA3FB7E2943258C00B97C43 /* init */,
				0AA3FB3229431A6700B97C43 /* Views */,
				0AA3FBAF29434E9200B97C43 /* Resource */,
				0AD36A09294B083000CA251F /* API */,
				0A619885294B60C900EE0541 /* Models */,
				0A94AF21295078A400A9AA2A /* Helpers */,
				0AA3FB3029431A6700B97C43 /* Extensions */,
				0AE6BC192980091800D1999B /* Localization */,
			);
			path = WakatoonSDK;
			sourceTree = "<group>";
		};
		0AA3FB3029431A6700B97C43 /* Extensions */ = {
			isa = PBXGroup;
			children = (
				0AA3FB3129431A6700B97C43 /* Common Extentions.swift */,
				0A94AF162950744300A9AA2A /* UIImageView+Utils.swift */,
				0A94AF182950746600A9AA2A /* UIView+Utils.swift */,
				0A94AF1A2950748900A9AA2A /* UIViewController+Utils.swift */,
				0A94AF1C295074B900A9AA2A /* String+Utils.swift */,
				0A94AF3B29508AE400A9AA2A /* UIButton+Utils.swift */,
				0A94AF3D29508D2800A9AA2A /* UINavigationController+Utils.swift */,
				0AC106D12951D75F006F161E /* UIFont+Utils.swift */,
				0A47C841295AE21A00ADF9C0 /* FileManager+Utils.swift */,
				0A69E5042971328600342112 /* UserDefaults+Utils.swift */,
			);
			path = Extensions;
			sourceTree = "<group>";
		};
		0AA3FB3229431A6700B97C43 /* Views */ = {
			isa = PBXGroup;
			children = (
				0AA3FBAE29434BDE00B97C43 /* View Controllers */,
			);
			path = Views;
			sourceTree = "<group>";
		};
		0AA3FB4429431AEE00B97C43 /* Frameworks */ = {
			isa = PBXGroup;
			children = (
				0AA3FB4529431AEE00B97C43 /* UIKit.framework */,
			);
			name = Frameworks;
			sourceTree = "<group>";
		};
		0AA3FB7E2943258C00B97C43 /* init */ = {
			isa = PBXGroup;
			children = (
				0AA3FB4729431DCF00B97C43 /* CreateSDKHelper.swift */,
				0AA3FB7F294325C900B97C43 /* WakatoonManager.swift */,
				0AC106D32951D977006F161E /* WakatoonSDKData.swift */,
			);
			path = init;
			sourceTree = "<group>";
		};
		0AA3FBAE29434BDE00B97C43 /* View Controllers */ = {
			isa = PBXGroup;
			children = (
				0AF1C6EE29702C6000E2EEC4 /* VideoPlayer */,
				0AE1ABBA2962A137005E218F /* ReplayAndShare */,
				0A47C843295AF8EB00ADF9C0 /* EpisodePlayer */,
				0A1EA6602955D28B00CDA560 /* EnterName */,
				0A51FB1A295444FE0034A1D9 /* VideoOverview */,
				0A7138E7295317DA001F95E0 /* ExtractionOK */,
				0A94AF34295088F900A9AA2A /* Camera */,
				0A94AF2C295084ED00A9AA2A /* CameraPermission */,
				0AD36A00294AF57000CA251F /* EULA POPUP */,
				0AC106A92951D395006F161E /* ErrorPopup */,
				0AC106D52951E614006F161E /* Loading */,
				0A3E665729543A4000F24558 /* Loader */,
				0A760C38296E8AEA007B31BC /* BaseViewController.swift */,
			);
			path = "View Controllers";
			sourceTree = "<group>";
		};
		0AA3FBAF29434E9200B97C43 /* Resource */ = {
			isa = PBXGroup;
			children = (
				0A3F1D902988E9C000D326E0 /* Audio */,
				0AC106C62951D6E4006F161E /* Fonts */,
				0AF38B122990DD8300EACB60 /* Assests.xcassets */,
			);
			path = Resource;
			sourceTree = "<group>";
		};
		0AC106A92951D395006F161E /* ErrorPopup */ = {
			isa = PBXGroup;
			children = (
				0AC106AA2951D3BD006F161E /* ErrorPopupViewController.swift */,
				0AC106AB2951D3BD006F161E /* ErrorPopupViewController.xib */,
			);
			path = ErrorPopup;
			sourceTree = "<group>";
		};
		0AC106C62951D6E4006F161E /* Fonts */ = {
			isa = PBXGroup;
			children = (
				0AC106CA2951D6F7006F161E /* Comfortaa-Bold.ttf */,
				0AC106C72951D6F7006F161E /* Comfortaa-Light.ttf */,
				0AC106CB2951D6F7006F161E /* Comfortaa-Medium.ttf */,
				0AC106C82951D6F7006F161E /* Comfortaa-Regular.ttf */,
				0AC106C92951D6F7006F161E /* Comfortaa-SemiBold.ttf */,
			);
			path = Fonts;
			sourceTree = "<group>";
		};
		0AC106D52951E614006F161E /* Loading */ = {
			isa = PBXGroup;
			children = (
				0AC106D82951E649006F161E /* LoadingViewController.swift */,
				0AC106D92951E649006F161E /* LoadingViewController.xib */,
			);
			path = Loading;
			sourceTree = "<group>";
		};
		0AD36A00294AF57000CA251F /* EULA POPUP */ = {
			isa = PBXGroup;
			children = (
				0AD36A01294AF5B700CA251F /* eulaSDKPopUPViewController.swift */,
				0AD36A02294AF5B700CA251F /* eulaSDKPopUPViewController.xib */,
			);
			path = "EULA POPUP";
			sourceTree = "<group>";
		};
		0AD36A09294B083000CA251F /* API */ = {
			isa = PBXGroup;
			children = (
				0AD36A0A294B084B00CA251F /* APIManager.swift */,
			);
			path = API;
			sourceTree = "<group>";
		};
		0AE1ABBA2962A137005E218F /* ReplayAndShare */ = {
			isa = PBXGroup;
			children = (
				0AE1ABBB2962A1AB005E218F /* ReplayAndShareViewController.swift */,
				0AE1ABBC2962A1AB005E218F /* ReplayAndShareViewController.xib */,
			);
			path = ReplayAndShare;
			sourceTree = "<group>";
		};
		0AE6BC192980091800D1999B /* Localization */ = {
			isa = PBXGroup;
			children = (
				0A805F282946F57A006B92B8 /* Localizable.strings */,
			);
			path = Localization;
			sourceTree = "<group>";
		};
		0AF1C6EE29702C6000E2EEC4 /* VideoPlayer */ = {
			isa = PBXGroup;
			children = (
				0AF1C6EF29702C8000E2EEC4 /* VideoPlayerViewController.swift */,
				0AF1C6F029702C8000E2EEC4 /* VideoPlayerViewController.xib */,
			);
			path = VideoPlayer;
			sourceTree = "<group>";
		};
/* End PBXGroup section */

/* Begin PBXHeadersBuildPhase section */
		0AA3FB2129431A3D00B97C43 /* Headers */ = {
			isa = PBXHeadersBuildPhase;
			buildActionMask = 2147483647;
			files = (
				0AA3FB2A29431A3D00B97C43 /* wakatoonSDK.h in Headers */,
			);
			runOnlyForDeploymentPostprocessing = 0;
		};
/* End PBXHeadersBuildPhase section */

/* Begin PBXNativeTarget section */
		0AA3FB2529431A3D00B97C43 /* WakatoonSDK */ = {
			isa = PBXNativeTarget;
			buildConfigurationList = 0AA3FB2D29431A3D00B97C43 /* Build configuration list for PBXNativeTarget "WakatoonSDK" */;
			buildPhases = (
				0AA3FB2129431A3D00B97C43 /* Headers */,
				0AA3FB2229431A3D00B97C43 /* Sources */,
				0AA3FB2329431A3D00B97C43 /* Frameworks */,
				0AA3FB2429431A3D00B97C43 /* Resources */,
			);
			buildRules = (
			);
			dependencies = (
			);
			name = WakatoonSDK;
			productName = wakatoonSDK;
			productReference = 0AA3FB2629431A3D00B97C43 /* WakatoonSDK.framework */;
			productType = "com.apple.product-type.framework";
		};
/* End PBXNativeTarget section */

/* Begin PBXProject section */
		0AA3FB1D29431A3D00B97C43 /* Project object */ = {
			isa = PBXProject;
			attributes = {
				BuildIndependentTargetsInParallel = 1;
				LastUpgradeCheck = 1340;
				TargetAttributes = {
					0AA3FB2529431A3D00B97C43 = {
						CreatedOnToolsVersion = 13.4.1;
					};
				};
			};
			buildConfigurationList = 0AA3FB2029431A3D00B97C43 /* Build configuration list for PBXProject "WakatoonSDK" */;
			compatibilityVersion = "Xcode 14.0";
			developmentRegion = en;
			hasScannedForEncodings = 0;
			knownRegions = (
				en,
				Base,
				fr,
			);
			mainGroup = 0AA3FB1C29431A3D00B97C43;
			productRefGroup = 0AA3FB2729431A3D00B97C43 /* Products */;
			projectDirPath = "";
			projectRoot = "";
			targets = (
				0AA3FB2529431A3D00B97C43 /* WakatoonSDK */,
			);
		};
/* End PBXProject section */

/* Begin PBXResourcesBuildPhase section */
		0AA3FB2429431A3D00B97C43 /* Resources */ = {
			isa = PBXResourcesBuildPhase;
			buildActionMask = 2147483647;
			files = (
				0A94AF382950890C00A9AA2A /* CameraViewController.xib in Resources */,
				0A805F262946F57A006B92B8 /* Localizable.strings in Resources */,
				0A1EA6642955D2B500CDA560 /* EnterNameViewController.xib in Resources */,
				0AC106CF2951D6F7006F161E /* Comfortaa-Bold.ttf in Resources */,
				0A94AF30295084FC00A9AA2A /* CameraPermissionViewController.xib in Resources */,
				0A3F1D942988EA8300D326E0 /* fr_aim_at_your_drawing.wav in Resources */,
				0AF38B132990DD8300EACB60 /* Assests.xcassets in Resources */,
				0A47C847295AF90500ADF9C0 /* EpisodePlayerViewController.xib in Resources */,
				0A3F1D9A2989384000D326E0 /* fr_drawing_not_detected.wav in Resources */,
				0AC106DB2951E649006F161E /* LoadingViewController.xib in Resources */,
				0AC106CE2951D6F7006F161E /* Comfortaa-SemiBold.ttf in Resources */,
				0AC106CC2951D6F7006F161E /* Comfortaa-Light.ttf in Resources */,
				0AF1C6F229702C8000E2EEC4 /* VideoPlayerViewController.xib in Resources */,
				0A51FB1E295445130034A1D9 /* VideoOverviewViewController.xib in Resources */,
				0A7138EB295317ED001F95E0 /* ExtractionOKViewController.xib in Resources */,
				0AC106AD2951D3BD006F161E /* ErrorPopupViewController.xib in Resources */,
				0AD36A04294AF5B700CA251F /* eulaSDKPopUPViewController.xib in Resources */,
				0AC106D02951D6F7006F161E /* Comfortaa-Medium.ttf in Resources */,
				0AE1ABBE2962A1AB005E218F /* ReplayAndShareViewController.xib in Resources */,
				0A3E665B29543A5200F24558 /* LoaderViewController.xib in Resources */,
				0AC106CD2951D6F7006F161E /* Comfortaa-Regular.ttf in Resources */,
			);
			runOnlyForDeploymentPostprocessing = 0;
		};
/* End PBXResourcesBuildPhase section */

/* Begin PBXSourcesBuildPhase section */
		0AA3FB2229431A3D00B97C43 /* Sources */ = {
			isa = PBXSourcesBuildPhase;
			buildActionMask = 2147483647;
			files = (
				0AC106AC2951D3BD006F161E /* ErrorPopupViewController.swift in Sources */,
				0A94AF2F295084FC00A9AA2A /* CameraPermissionViewController.swift in Sources */,
				0A69E5032971314800342112 /* VideoCacheModel.swift in Sources */,
				0A7138EA295317ED001F95E0 /* ExtractionOKViewController.swift in Sources */,
				0A94AF3C29508AE400A9AA2A /* UIButton+Utils.swift in Sources */,
				0A760C39296E8AEA007B31BC /* BaseViewController.swift in Sources */,
				0AF1C6F129702C8000E2EEC4 /* VideoPlayerViewController.swift in Sources */,
				0A47C846295AF90500ADF9C0 /* EpisodePlayerViewController.swift in Sources */,
				0A61988D294B60C900EE0541 /* ErrorModel.swift in Sources */,
				0A69E5052971328600342112 /* UserDefaults+Utils.swift in Sources */,
				0AF1CA0629750B8700EC8E48 /* DownloadManager.swift in Sources */,
				0AD36A0B294B084B00CA251F /* APIManager.swift in Sources */,
				0AA3FB3D29431A6700B97C43 /* Common Extentions.swift in Sources */,
				0AC106D22951D75F006F161E /* UIFont+Utils.swift in Sources */,
				0A7138ED29532699001F95E0 /* ExtractImageValidateModal.swift in Sources */,
				0A94AF3E29508D2800A9AA2A /* UINavigationController+Utils.swift in Sources */,
				0A94AF1D295074B900A9AA2A /* String+Utils.swift in Sources */,
				0AC106D42951D977006F161E /* WakatoonSDKData.swift in Sources */,
				0A51FB19295443690034A1D9 /* VideoGenModal.swift in Sources */,
				0A94AF23295078C300A9AA2A /* Common.swift in Sources */,
				0A6BFE9F299DE84F00EAA13C /* ArtworkModel.swift in Sources */,
				0AD36A03294AF5B700CA251F /* eulaSDKPopUPViewController.swift in Sources */,
				0A6AE9CF297AA246002778C1 /* EpisodeDrawnModel.swift in Sources */,
				0AA3FB4829431DCF00B97C43 /* CreateSDKHelper.swift in Sources */,
				0A1EA6632955D2B500CDA560 /* EnterNameViewController.swift in Sources */,
				0A94AF192950746600A9AA2A /* UIView+Utils.swift in Sources */,
				0A47C842295AE21A00ADF9C0 /* FileManager+Utils.swift in Sources */,
				0AA3FB80294325C900B97C43 /* WakatoonManager.swift in Sources */,
				0A94AF372950890C00A9AA2A /* CameraViewController.swift in Sources */,
				0AE1ABBD2962A1AB005E218F /* ReplayAndShareViewController.swift in Sources */,
				0A7022F42959C07400038A70 /* AssetStore.swift in Sources */,
				0AC106DA2951E649006F161E /* LoadingViewController.swift in Sources */,
				0A3E665A29543A5200F24558 /* LoaderViewController.swift in Sources */,
				0A94AF1B2950748900A9AA2A /* UIViewController+Utils.swift in Sources */,
				0A3E6656295438E000F24558 /* SpinerView.swift in Sources */,
				0A51FB1D295445130034A1D9 /* VideoOverviewViewController.swift in Sources */,
				0A94AF172950744300A9AA2A /* UIImageView+Utils.swift in Sources */,
				0A9565C229530B3900E2ED31 /* ExtractImageModel.swift in Sources */,
			);
			runOnlyForDeploymentPostprocessing = 0;
		};
/* End PBXSourcesBuildPhase section */

/* Begin PBXVariantGroup section */
		0A805F282946F57A006B92B8 /* Localizable.strings */ = {
			isa = PBXVariantGroup;
			children = (
				0A805F272946F57A006B92B8 /* en */,
				0AE6BC1A29801B8C00D1999B /* fr */,
			);
			name = Localizable.strings;
			sourceTree = "<group>";
		};
/* End PBXVariantGroup section */

/* Begin XCBuildConfiguration section */
		0AA3FB2B29431A3D00B97C43 /* Debug */ = {
			isa = XCBuildConfiguration;
			buildSettings = {
				ALWAYS_SEARCH_USER_PATHS = NO;
				CLANG_ANALYZER_LOCALIZABILITY_NONLOCALIZED = YES;
				CLANG_ANALYZER_NONNULL = YES;
				CLANG_ANALYZER_NUMBER_OBJECT_CONVERSION = YES_AGGRESSIVE;
				CLANG_CXX_LANGUAGE_STANDARD = "gnu++17";
				CLANG_ENABLE_MODULES = YES;
				CLANG_ENABLE_OBJC_ARC = YES;
				CLANG_ENABLE_OBJC_WEAK = YES;
				CLANG_WARN_BLOCK_CAPTURE_AUTORELEASING = YES;
				CLANG_WARN_BOOL_CONVERSION = YES;
				CLANG_WARN_COMMA = YES;
				CLANG_WARN_CONSTANT_CONVERSION = YES;
				CLANG_WARN_DEPRECATED_OBJC_IMPLEMENTATIONS = YES;
				CLANG_WARN_DIRECT_OBJC_ISA_USAGE = YES_ERROR;
				CLANG_WARN_DOCUMENTATION_COMMENTS = YES;
				CLANG_WARN_EMPTY_BODY = YES;
				CLANG_WARN_ENUM_CONVERSION = YES;
				CLANG_WARN_INFINITE_RECURSION = YES;
				CLANG_WARN_INT_CONVERSION = YES;
				CLANG_WARN_NON_LITERAL_NULL_CONVERSION = YES;
				CLANG_WARN_OBJC_IMPLICIT_RETAIN_SELF = YES;
				CLANG_WARN_OBJC_LITERAL_CONVERSION = YES;
				CLANG_WARN_OBJC_ROOT_CLASS = YES_ERROR;
				CLANG_WARN_QUOTED_INCLUDE_IN_FRAMEWORK_HEADER = YES;
				CLANG_WARN_RANGE_LOOP_ANALYSIS = YES;
				CLANG_WARN_STRICT_PROTOTYPES = YES;
				CLANG_WARN_SUSPICIOUS_MOVE = YES;
				CLANG_WARN_UNGUARDED_AVAILABILITY = YES_AGGRESSIVE;
				CLANG_WARN_UNREACHABLE_CODE = YES;
				CLANG_WARN__DUPLICATE_METHOD_MATCH = YES;
				COPY_PHASE_STRIP = NO;
				CURRENT_PROJECT_VERSION = 1;
				DEBUG_INFORMATION_FORMAT = dwarf;
				ENABLE_STRICT_OBJC_MSGSEND = YES;
				ENABLE_TESTABILITY = YES;
				GCC_C_LANGUAGE_STANDARD = gnu11;
				GCC_DYNAMIC_NO_PIC = NO;
				GCC_NO_COMMON_BLOCKS = YES;
				GCC_OPTIMIZATION_LEVEL = 0;
				GCC_PREPROCESSOR_DEFINITIONS = (
					"DEBUG=1",
					"$(inherited)",
				);
				GCC_WARN_64_TO_32_BIT_CONVERSION = YES;
				GCC_WARN_ABOUT_RETURN_TYPE = YES_ERROR;
				GCC_WARN_UNDECLARED_SELECTOR = YES;
				GCC_WARN_UNINITIALIZED_AUTOS = YES_AGGRESSIVE;
				GCC_WARN_UNUSED_FUNCTION = YES;
				GCC_WARN_UNUSED_VARIABLE = YES;
				IPHONEOS_DEPLOYMENT_TARGET = 13.0;
				MTL_ENABLE_DEBUG_INFO = INCLUDE_SOURCE;
				MTL_FAST_MATH = YES;
				ONLY_ACTIVE_ARCH = YES;
				SDKROOT = iphoneos;
				SWIFT_ACTIVE_COMPILATION_CONDITIONS = DEBUG;
				SWIFT_OPTIMIZATION_LEVEL = "-Onone";
				VERSIONING_SYSTEM = "apple-generic";
				VERSION_INFO_PREFIX = "";
			};
			name = Debug;
		};
		0AA3FB2C29431A3D00B97C43 /* Release */ = {
			isa = XCBuildConfiguration;
			buildSettings = {
				ALWAYS_SEARCH_USER_PATHS = NO;
				CLANG_ANALYZER_LOCALIZABILITY_NONLOCALIZED = YES;
				CLANG_ANALYZER_NONNULL = YES;
				CLANG_ANALYZER_NUMBER_OBJECT_CONVERSION = YES_AGGRESSIVE;
				CLANG_CXX_LANGUAGE_STANDARD = "gnu++17";
				CLANG_ENABLE_MODULES = YES;
				CLANG_ENABLE_OBJC_ARC = YES;
				CLANG_ENABLE_OBJC_WEAK = YES;
				CLANG_WARN_BLOCK_CAPTURE_AUTORELEASING = YES;
				CLANG_WARN_BOOL_CONVERSION = YES;
				CLANG_WARN_COMMA = YES;
				CLANG_WARN_CONSTANT_CONVERSION = YES;
				CLANG_WARN_DEPRECATED_OBJC_IMPLEMENTATIONS = YES;
				CLANG_WARN_DIRECT_OBJC_ISA_USAGE = YES_ERROR;
				CLANG_WARN_DOCUMENTATION_COMMENTS = YES;
				CLANG_WARN_EMPTY_BODY = YES;
				CLANG_WARN_ENUM_CONVERSION = YES;
				CLANG_WARN_INFINITE_RECURSION = YES;
				CLANG_WARN_INT_CONVERSION = YES;
				CLANG_WARN_NON_LITERAL_NULL_CONVERSION = YES;
				CLANG_WARN_OBJC_IMPLICIT_RETAIN_SELF = YES;
				CLANG_WARN_OBJC_LITERAL_CONVERSION = YES;
				CLANG_WARN_OBJC_ROOT_CLASS = YES_ERROR;
				CLANG_WARN_QUOTED_INCLUDE_IN_FRAMEWORK_HEADER = YES;
				CLANG_WARN_RANGE_LOOP_ANALYSIS = YES;
				CLANG_WARN_STRICT_PROTOTYPES = YES;
				CLANG_WARN_SUSPICIOUS_MOVE = YES;
				CLANG_WARN_UNGUARDED_AVAILABILITY = YES_AGGRESSIVE;
				CLANG_WARN_UNREACHABLE_CODE = YES;
				CLANG_WARN__DUPLICATE_METHOD_MATCH = YES;
				COPY_PHASE_STRIP = NO;
				CURRENT_PROJECT_VERSION = 1;
				DEBUG_INFORMATION_FORMAT = "dwarf-with-dsym";
				ENABLE_NS_ASSERTIONS = NO;
				ENABLE_STRICT_OBJC_MSGSEND = YES;
				GCC_C_LANGUAGE_STANDARD = gnu11;
				GCC_NO_COMMON_BLOCKS = YES;
				GCC_WARN_64_TO_32_BIT_CONVERSION = YES;
				GCC_WARN_ABOUT_RETURN_TYPE = YES_ERROR;
				GCC_WARN_UNDECLARED_SELECTOR = YES;
				GCC_WARN_UNINITIALIZED_AUTOS = YES_AGGRESSIVE;
				GCC_WARN_UNUSED_FUNCTION = YES;
				GCC_WARN_UNUSED_VARIABLE = YES;
				IPHONEOS_DEPLOYMENT_TARGET = 13.0;
				MTL_ENABLE_DEBUG_INFO = NO;
				MTL_FAST_MATH = YES;
				SDKROOT = iphoneos;
				SWIFT_COMPILATION_MODE = wholemodule;
				SWIFT_OPTIMIZATION_LEVEL = "-O";
				VALIDATE_PRODUCT = YES;
				VERSIONING_SYSTEM = "apple-generic";
				VERSION_INFO_PREFIX = "";
			};
			name = Release;
		};
		0AA3FB2E29431A3D00B97C43 /* Debug */ = {
			isa = XCBuildConfiguration;
			buildSettings = {
				BUILD_LIBRARY_FOR_DISTRIBUTION = YES;
				CODE_SIGN_IDENTITY = "Apple Development";
				CODE_SIGN_STYLE = Automatic;
				CURRENT_PROJECT_VERSION = 1;
				DEFINES_MODULE = YES;
				DEVELOPMENT_TEAM = 829NM85ZY8;
				DYLIB_COMPATIBILITY_VERSION = 1;
				DYLIB_CURRENT_VERSION = 1;
				DYLIB_INSTALL_NAME_BASE = "@rpath";
				GENERATE_INFOPLIST_FILE = YES;
				INFOPLIST_FILE = wakatoonSDK/Info.plist;
				INFOPLIST_KEY_NSHumanReadableCopyright = "";
				INSTALL_PATH = "$(LOCAL_LIBRARY_DIR)/Frameworks";
				IPHONEOS_DEPLOYMENT_TARGET = 12.0;
				LD_RUNPATH_SEARCH_PATHS = (
					"$(inherited)",
					"@executable_path/Frameworks",
					"@loader_path/Frameworks",
				);
				MARKETING_VERSION = 1.0;
				OTHER_LDFLAGS = (
					"-weak_framework",
					AVfoundation,
				);
				PRODUCT_BUNDLE_IDENTIFIER = com.etpl.wakatoonSDK;
				PRODUCT_NAME = "$(TARGET_NAME:c99extidentifier)";
				PROVISIONING_PROFILE_SPECIFIER = "";
				SKIP_INSTALL = NO;
				SUPPORTED_PLATFORMS = "iphoneos iphonesimulator";
				SUPPORTS_MACCATALYST = NO;
				SUPPORTS_MAC_DESIGNED_FOR_IPHONE_IPAD = YES;
				SWIFT_EMIT_LOC_STRINGS = YES;
				SWIFT_VERSION = 5.0;
				TARGETED_DEVICE_FAMILY = 1;
			};
			name = Debug;
		};
		0AA3FB2F29431A3D00B97C43 /* Release */ = {
			isa = XCBuildConfiguration;
			buildSettings = {
				BUILD_LIBRARY_FOR_DISTRIBUTION = YES;
				CODE_SIGN_IDENTITY = "Apple Development";
				CODE_SIGN_STYLE = Automatic;
				CURRENT_PROJECT_VERSION = 1;
				DEFINES_MODULE = YES;
				DEVELOPMENT_TEAM = 829NM85ZY8;
				DYLIB_COMPATIBILITY_VERSION = 1;
				DYLIB_CURRENT_VERSION = 1;
				DYLIB_INSTALL_NAME_BASE = "@rpath";
				GENERATE_INFOPLIST_FILE = YES;
				INFOPLIST_FILE = wakatoonSDK/Info.plist;
				INFOPLIST_KEY_NSHumanReadableCopyright = "";
				INSTALL_PATH = "$(LOCAL_LIBRARY_DIR)/Frameworks";
				IPHONEOS_DEPLOYMENT_TARGET = 12.0;
				LD_RUNPATH_SEARCH_PATHS = (
					"$(inherited)",
					"@executable_path/Frameworks",
					"@loader_path/Frameworks",
				);
				MARKETING_VERSION = 1.0;
				OTHER_LDFLAGS = (
					"-weak_framework",
					AVfoundation,
				);
				PRODUCT_BUNDLE_IDENTIFIER = com.etpl.wakatoonSDK;
				PRODUCT_NAME = "$(TARGET_NAME:c99extidentifier)";
				PROVISIONING_PROFILE_SPECIFIER = "";
				SKIP_INSTALL = NO;
				SUPPORTED_PLATFORMS = "iphoneos iphonesimulator";
				SUPPORTS_MACCATALYST = NO;
				SUPPORTS_MAC_DESIGNED_FOR_IPHONE_IPAD = YES;
				SWIFT_EMIT_LOC_STRINGS = YES;
				SWIFT_VERSION = 5.0;
				TARGETED_DEVICE_FAMILY = 1;
			};
			name = Release;
		};
/* End XCBuildConfiguration section */

/* Begin XCConfigurationList section */
		0AA3FB2029431A3D00B97C43 /* Build configuration list for PBXProject "WakatoonSDK" */ = {
			isa = XCConfigurationList;
			buildConfigurations = (
				0AA3FB2B29431A3D00B97C43 /* Debug */,
				0AA3FB2C29431A3D00B97C43 /* Release */,
			);
			defaultConfigurationIsVisible = 0;
			defaultConfigurationName = Release;
		};
		0AA3FB2D29431A3D00B97C43 /* Build configuration list for PBXNativeTarget "WakatoonSDK" */ = {
			isa = XCConfigurationList;
			buildConfigurations = (
				0AA3FB2E29431A3D00B97C43 /* Debug */,
				0AA3FB2F29431A3D00B97C43 /* Release */,
			);
			defaultConfigurationIsVisible = 0;
			defaultConfigurationName = Release;
		};
/* End XCConfigurationList section */
	};
	rootObject = 0AA3FB1D29431A3D00B97C43 /* Project object */;
}
